{
  "name": "auto202506-a",
  "version": "0.1.0",
  "lockfileVersion": 3,
  "requires": true,
  "packages": {
    "": {
      "dependencies": {
        "canvas-confetti": "^1.9.3",
        "clsx": "^2.1.1",
        "framer-motion": "^12.18.1",
        "lucide-react": "^0.522.0",
        "tailwind-merge": "^3.3.1",
        "tailwindcss-filters": "^3.0.0"
      },
      "devDependencies": {
        "@types/canvas-confetti": "^1.9.0"
      }
    },
    "node_modules/@types/canvas-confetti": {
      "version": "1.9.0",
      "resolved": "https://registry.npmjs.org/@types/canvas-confetti/-/canvas-confetti-1.9.0.tgz",
      "integrity": "sha512-aBGj/dULrimR1XDZLtG9JwxX1b4HPRF6CX9Yfwh3NvstZEm1ZL7RBnel4keCPSqs1ANRu1u2Aoz9R+VmtjYuTg==",
      "dev": true,
      "license": "MIT"
    },
    "node_modules/canvas-confetti": {
      "version": "1.9.3",
      "resolved": "https://registry.npmjs.org/canvas-confetti/-/canvas-confetti-1.9.3.tgz",
      "integrity": "sha512-rFfTURMvmVEX1gyXFgn5QMn81bYk70qa0HLzcIOSVEyl57n6o9ItHeBtUSWdvKAPY0xlvBHno4/v3QPrT83q9g==",
      "license": "ISC",
      "funding": {
        "type": "donate",
        "url": "https://www.paypal.me/kirilvatev"
      }
    },
    "node_modules/clsx": {
      "version": "2.1.1",
      "resolved": "https://registry.npmjs.org/clsx/-/clsx-2.1.1.tgz",
      "integrity": "sha512-eYm0QWBtUrBWZWG0d386OGAw16Z995PiOVo2B7bjWSbHedGl5e0ZWaq65kOGgUSNesEIDkB9ISbTg/JK9dhCZA==",
      "license": "MIT",
      "engines": {
        "node": ">=6"
      }
    },
    "node_modules/framer-motion": {
      "version": "12.18.1",
      "resolved": "https://registry.npmjs.org/framer-motion/-/framer-motion-12.18.1.tgz",
      "integrity": "sha512-6o4EDuRPLk4LSZ1kRnnEOurbQ86MklVk+Y1rFBUKiF+d2pCdvMjWVu0ZkyMVCTwl5UyTH2n/zJEJx+jvTYuxow==",
      "license": "MIT",
      "dependencies": {
        "motion-dom": "^12.18.1",
        "motion-utils": "^12.18.1",
        "tslib": "^2.4.0"
      },
      "peerDependencies": {
        "@emotion/is-prop-valid": "*",
        "react": "^18.0.0 || ^19.0.0",
        "react-dom": "^18.0.0 || ^19.0.0"
      },
      "peerDependenciesMeta": {
        "@emotion/is-prop-valid": {
          "optional": true
        },
        "react": {
          "optional": true
        },
        "react-dom": {
          "optional": true
        }
      }
    },
    "node_modules/lodash": {
      "version": "4.17.21",
      "resolved": "https://registry.npmjs.org/lodash/-/lodash-4.17.21.tgz",
      "integrity": "sha512-v2kDEe57lecTulaDIuNTPy3Ry4gLGJ6Z1O3vE1krgXZNrsQ+LFTGHVxVjcXPs17LhbZVGedAJv8XZ1tvj5FvSg==",
      "license": "MIT"
    },
    "node_modules/lucide-react": {
      "version": "0.522.0",
      "resolved": "https://registry.npmjs.org/lucide-react/-/lucide-react-0.522.0.tgz",
      "integrity": "sha512-jnJbw974yZ7rQHHEFKJOlWAefG3ATSCZHANZxIdx8Rk/16siuwjgA4fBULpXEAWx/RlTs3FzmKW/udWUuO0aRw==",
      "license": "ISC",
      "peerDependencies": {
        "react": "^16.5.1 || ^17.0.0 || ^18.0.0 || ^19.0.0"
      }
    },
    "node_modules/motion-dom": {
      "version": "12.18.1",
      "resolved": "https://registry.npmjs.org/motion-dom/-/motion-dom-12.18.1.tgz",
      "integrity": "sha512-dR/4EYT23Snd+eUSLrde63Ws3oXQtJNw/krgautvTfwrN/2cHfCZMdu6CeTxVfRRWREW3Fy1f5vobRDiBb/q+w==",
      "license": "MIT",
      "dependencies": {
        "motion-utils": "^12.18.1"
      }
    },
    "node_modules/motion-utils": {
      "version": "12.18.1",
      "resolved": "https://registry.npmjs.org/motion-utils/-/motion-utils-12.18.1.tgz",
      "integrity": "sha512-az26YDU4WoDP0ueAkUtABLk2BIxe28d8NH1qWT8jPGhPyf44XTdDUh8pDk9OPphaSrR9McgpcJlgwSOIw/sfkA==",
      "license": "MIT"
    },
    "node_modules/react": {
      "version": "19.1.0",
      "resolved": "https://registry.npmjs.org/react/-/react-19.1.0.tgz",
      "integrity": "sha512-FS+XFBNvn3GTAWq26joslQgWNoFu08F4kl0J4CgdNKADkdSGXQyTCnKteIAJy96Br6YbpEU1LSzV5dYtjMkMDg==",
      "license": "MIT",
      "peer": true,
      "engines": {
        "node": ">=0.10.0"
      }
    },
    "node_modules/tailwind-merge": {
      "version": "3.3.1",
      "resolved": "https://registry.npmjs.org/tailwind-merge/-/tailwind-merge-3.3.1.tgz",
      "integrity": "sha512-gBXpgUm/3rp1lMZZrM/w7D8GKqshif0zAymAhbCyIt8KMe+0v9DQ7cdYLR4FHH/cKpdTXb+A/tKKU3eolfsI+g==",
      "license": "MIT",
      "funding": {
        "type": "github",
        "url": "https://github.com/sponsors/dcastil"
      }
    },
    "node_modules/tailwindcss-filters": {
      "version": "3.0.0",
      "resolved": "https://registry.npmjs.org/tailwindcss-filters/-/tailwindcss-filters-3.0.0.tgz",
      "integrity": "sha512-xhortqs8fSp9id17EnneYhmruA5DfU6K0zvN6/mgDlEXKaHthjXlR74Ta+4lrX5Lp7tp6YigB09WO0TOWn7VEQ==",
      "deprecated": "Use Tailwind's filter utilities",
      "license": "ISC",
      "dependencies": {
        "lodash": "^4.17.15"
      }
    },
    "node_modules/tslib": {
      "version": "2.8.1",
      "resolved": "https://registry.npmjs.org/tslib/-/tslib-2.8.1.tgz",
      "integrity": "sha512-oJFu94HQb+KVduSUQL7wnpmqnfmLsOA/nAh6b6EH0wCEoK0/mPeXU6c3wKDV83MkOuHPRHtSXKKU99IBazS/2w==",
      "license": "0BSD"
    }
  }
}
